
Microsoft Visual Studio Solution File, Format Version 12.00
# Visual Studio Version 16
VisualStudioVersion = 16.0.31205.134
MinimumVisualStudioVersion = 10.0.40219.1
Project("{FAE04EC0-301F-11D3-BF4B-00C04F79EFBC}") = "CyclingWebsite", "CyclingWebsite\CyclingWebsite.csproj", "{D1102B4C-1881-4A11-A761-EE17D6D16F0D}"
EndProject
Global
	GlobalSection(SolutionConfigurationPlatforms) = preSolution
		Debug|Any CPU = Debug|Any CPU
		Release|Any CPU = Release|Any CPU
	EndGlobalSection
	GlobalSection(ProjectConfigurationPlatforms) = postSolution
		{D1102B4C-1881-4A11-A761-EE17D6D16F0D}.Debug|Any CPU.ActiveCfg = Debug|Any CPU
		{D1102B4C-1881-4A11-A761-EE17D6D16F0D}.Debug|Any CPU.Build.0 = Debug|Any CPU
		{D1102B4C-1881-4A11-A761-EE17D6D16F0D}.Release|Any CPU.ActiveCfg = Release|Any CPU
		{D1102B4C-1881-4A11-A761-EE17D6D16F0D}.Release|Any CPU.Build.0 = Release|Any CPU
	EndGlobalSection
	GlobalSection(SolutionProperties) = preSolution
		HideSolutionNode = FALSE
	EndGlobalSection
	GlobalSection(ExtensibilityGlobals) = postSolution
		SolutionGuid = {6ADAEB84-BD6C-46F8-89DD-9C2D786229BF}
	EndGlobalSection
EndGlobal
